
Microsoft Visual Studio Solution File, Format Version 12.00
# Visual Studio 15
VisualStudioVersion = 15.0.28307.168
MinimumVisualStudioVersion = 10.0.40219.1
Project("{FAE04EC0-301F-11D3-BF4B-00C04F79EFBC}") = "VivekHelloTushar", "VivekHelloTushar\VivekHelloTushar.csproj", "{9C74BCBE-A287-4EB9-998B-1F496EEF76F2}"
EndProject
Global
	GlobalSection(SolutionConfigurationPlatforms) = preSolution
		Debug|Any CPU = Debug|Any CPU
		Release|Any CPU = Release|Any CPU
	EndGlobalSection
	GlobalSection(ProjectConfigurationPlatforms) = postSolution
		{9C74BCBE-A287-4EB9-998B-1F496EEF76F2}.Debug|Any CPU.ActiveCfg = Debug|Any CPU
		{9C74BCBE-A287-4EB9-998B-1F496EEF76F2}.Debug|Any CPU.Build.0 = Debug|Any CPU
		{9C74BCBE-A287-4EB9-998B-1F496EEF76F2}.Release|Any CPU.ActiveCfg = Release|Any CPU
		{9C74BCBE-A287-4EB9-998B-1F496EEF76F2}.Release|Any CPU.Build.0 = Release|Any CPU
	EndGlobalSection
	GlobalSection(SolutionProperties) = preSolution
		HideSolutionNode = FALSE
	EndGlobalSection
	GlobalSection(ExtensibilityGlobals) = postSolution
		SolutionGuid = {DBEA4362-A495-4150-8699-948B1C54600B}
	EndGlobalSection
EndGlobal
